
Microsoft Visual Studio Solution File, Format Version 12.00
# Visual Studio 15
VisualStudioVersion = 15.0.27703.2035
MinimumVisualStudioVersion = 10.0.40219.1
Project("{FAE04EC0-301F-11D3-BF4B-00C04F79EFBC}") = "testboard", "testboard\testboard.csproj", "{3D78FC6B-4F1B-45CB-8564-8643911BFBCF}"
EndProject
Global
	GlobalSection(SolutionConfigurationPlatforms) = preSolution
		Debug|Any CPU = Debug|Any CPU
		Release|Any CPU = Release|Any CPU
	EndGlobalSection
	GlobalSection(ProjectConfigurationPlatforms) = postSolution
		{3D78FC6B-4F1B-45CB-8564-8643911BFBCF}.Debug|Any CPU.ActiveCfg = Debug|Any CPU
		{3D78FC6B-4F1B-45CB-8564-8643911BFBCF}.Debug|Any CPU.Build.0 = Debug|Any CPU
		{3D78FC6B-4F1B-45CB-8564-8643911BFBCF}.Release|Any CPU.ActiveCfg = Release|Any CPU
		{3D78FC6B-4F1B-45CB-8564-8643911BFBCF}.Release|Any CPU.Build.0 = Release|Any CPU
	EndGlobalSection
	GlobalSection(SolutionProperties) = preSolution
		HideSolutionNode = FALSE
	EndGlobalSection
	GlobalSection(ExtensibilityGlobals) = postSolution
		SolutionGuid = {D8338A69-3BE6-48F4-9481-67A717D9C5D1}
	EndGlobalSection
EndGlobal
